
Microsoft Visual Studio Solution File, Format Version 12.00
# Visual Studio Version 17
VisualStudioVersion = 17.1.32328.378
MinimumVisualStudioVersion = 10.0.40219.1
Project("{FAE04EC0-301F-11D3-BF4B-00C04F79EFBC}") = "ProjetoAutomotivo", "ProjetoAutomotivo\ProjetoAutomotivo.csproj", "{0DA3B0B2-369C-40A3-AE13-53B5AC254C30}"
EndProject
Global
	GlobalSection(SolutionConfigurationPlatforms) = preSolution
		Debug|Any CPU = Debug|Any CPU
		Release|Any CPU = Release|Any CPU
	EndGlobalSection
	GlobalSection(ProjectConfigurationPlatforms) = postSolution
		{0DA3B0B2-369C-40A3-AE13-53B5AC254C30}.Debug|Any CPU.ActiveCfg = Debug|Any CPU
		{0DA3B0B2-369C-40A3-AE13-53B5AC254C30}.Debug|Any CPU.Build.0 = Debug|Any CPU
		{0DA3B0B2-369C-40A3-AE13-53B5AC254C30}.Release|Any CPU.ActiveCfg = Release|Any CPU
		{0DA3B0B2-369C-40A3-AE13-53B5AC254C30}.Release|Any CPU.Build.0 = Release|Any CPU
	EndGlobalSection
	GlobalSection(SolutionProperties) = preSolution
		HideSolutionNode = FALSE
	EndGlobalSection
	GlobalSection(ExtensibilityGlobals) = postSolution
		SolutionGuid = {F2BF1535-2B54-4430-B022-C17463120F67}
	EndGlobalSection
EndGlobal
